
Microsoft Visual Studio Solution File, Format Version 12.00
# Visual Studio Version 17
VisualStudioVersion = 17.7.34031.279
MinimumVisualStudioVersion = 10.0.40219.1
Project("{FAE04EC0-301F-11D3-BF4B-00C04F79EFBC}") = "eBilety", "eBilety\eBilety.csproj", "{C0F44719-C553-4B0A-BDCF-F8CA5F228BF9}"
EndProject
Global
	GlobalSection(SolutionConfigurationPlatforms) = preSolution
		Debug|Any CPU = Debug|Any CPU
		Release|Any CPU = Release|Any CPU
	EndGlobalSection
	GlobalSection(ProjectConfigurationPlatforms) = postSolution
		{C0F44719-C553-4B0A-BDCF-F8CA5F228BF9}.Debug|Any CPU.ActiveCfg = Debug|Any CPU
		{C0F44719-C553-4B0A-BDCF-F8CA5F228BF9}.Debug|Any CPU.Build.0 = Debug|Any CPU
		{C0F44719-C553-4B0A-BDCF-F8CA5F228BF9}.Release|Any CPU.ActiveCfg = Release|Any CPU
		{C0F44719-C553-4B0A-BDCF-F8CA5F228BF9}.Release|Any CPU.Build.0 = Release|Any CPU
	EndGlobalSection
	GlobalSection(SolutionProperties) = preSolution
		HideSolutionNode = FALSE
	EndGlobalSection
	GlobalSection(ExtensibilityGlobals) = postSolution
		SolutionGuid = {0D2E7C3D-CB86-4D68-921A-DDA8EB0569E2}
	EndGlobalSection
EndGlobal
